{
  "name": "w4d2",
  "version": "1.0.0",
  "lockfileVersion": 1,
  "requires": true,
  "dependencies": {
    "random-word": {
      "version": "2.0.0",
      "resolved": "https://registry.npmjs.org/random-word/-/random-word-2.0.0.tgz",
      "integrity": "sha1-Je0Y1bpamUCerOtZ2r5lt20v9uk=",
      "requires": {
        "unique-random-array": "^1.0.0",
        "word-list": "^2.0.0"
      }
    },
    "unique-random": {
      "version": "1.0.0",
      "resolved": "https://registry.npmjs.org/unique-random/-/unique-random-1.0.0.tgz",
      "integrity": "sha1-zj4iTIJCzTOg53sNcYDXfmti0MQ="
    },
    "unique-random-array": {
      "version": "1.0.1",
      "resolved": "https://registry.npmjs.org/unique-random-array/-/unique-random-array-1.0.1.tgz",
      "integrity": "sha512-z9J/SV8CUIhIRROcHe9YUoAT6XthUJt0oUyLGgobiXJprDP9O9dsErNevvSaAv5BkhwFEVPn6nIEOKeNE6Ck1Q==",
      "requires": {
        "unique-random": "^1.0.0"
      }
    },
    "word-list": {
      "version": "2.0.0",
      "resolved": "https://registry.npmjs.org/word-list/-/word-list-2.0.0.tgz",
      "integrity": "sha1-VN36Sq4fqnF3LPtukgjE2PmZNj4="
    }
  }
}
