{
  "name": "w4d2",
  "version": "1.0.0",
  "lockfileVersion": 1,
  "requires": true,
  "dependencies": {
    "axios": {
      "version": "0.18.0",
      "resolved": "https://registry.npmjs.org/axios/-/axios-0.18.0.tgz",
      "integrity": "sha1-MtU+SFHv3AoRmTts0AB4nXDAUQI=",
      "requires": {
        "follow-redirects": "1.5.6",
        "is-buffer": "1.1.6"
      }
    },
    "crypto-random": {
      "version": "1.0.3",
      "resolved": "https://registry.npmjs.org/crypto-random/-/crypto-random-1.0.3.tgz",
      "integrity": "sha1-wEF50c1kOfW1GhmZcnnyTdtIwgg="
    },
    "debug": {
      "version": "3.1.0",
      "resolved": "https://registry.npmjs.org/debug/-/debug-3.1.0.tgz",
      "integrity": "sha512-OX8XqP7/1a9cqkxYw2yXss15f26NKWBpDXQd0/uK/KPqdQhxbPa994hnzjcE2VqQpDslf55723cKPUOGSmMY3g==",
      "requires": {
        "ms": "2.0.0"
      }
    },
    "follow-redirects": {
      "version": "1.5.6",
      "resolved": "https://registry.npmjs.org/follow-redirects/-/follow-redirects-1.5.6.tgz",
      "integrity": "sha512-xay/eYZGgdpb3rpugZj1HunNaPcqc6fud/RW7LNEQntvKzuRO4DDLL+MnJIbTHh6t3Kda3v2RvhY2doxUddnig==",
      "requires": {
        "debug": "3.1.0"
      }
    },
    "is-buffer": {
      "version": "1.1.6",
      "resolved": "https://registry.npmjs.org/is-buffer/-/is-buffer-1.1.6.tgz",
      "integrity": "sha512-NcdALwpXkTm5Zvvbk7owOUSvVvBKDgKP5/ewfXEznmQFfs4ZRmanOeKBTjRVjka3QFoN6XJ+9F3USqfHqTaU5w=="
    },
    "ms": {
      "version": "2.0.0",
      "resolved": "https://registry.npmjs.org/ms/-/ms-2.0.0.tgz",
      "integrity": "sha1-VgiurfwAvmwpAd9fmGF4jeDVl8g="
    },
    "rword": {
      "version": "2.2.0",
      "resolved": "https://registry.npmjs.org/rword/-/rword-2.2.0.tgz",
      "integrity": "sha512-t5aQBrx2V8UCUZr2LrX/hm2GOQ4fw+e5o/BbnggmzR3BCGl6KiAMUjFN5xq4UzfrZWihe8Qu0jb4uYQ/9Fmggg==",
      "requires": {
        "crypto-random": "1.0.3"
      }
    }
  }
}
